{
  "object": {
    "pins": [
      {
        "package": "APIClient",
        "repositoryURL": "https://github.com/DanielCardonaRojas/APIClient",
        "state": {
          "branch": null,
          "revision": "8c253124218bfcb5f64c3caa540e4ce025cb076f",
          "version": "1.2.0"
        }
      },
      {
        "package": "Auk",
        "repositoryURL": "https://github.com/DanielCardonaRojas/Auk",
        "state": {
          "branch": null,
          "revision": "51b36d94391351f2360374713cf012176acaf4c9",
          "version": null
        }
      },
      {
        "package": "KeypathAutolayout",
        "repositoryURL": "https://github.com/DanielCardonaRojas/KeypathAutolayout",
        "state": {
          "branch": null,
          "revision": "074bdd5ecf670963f2e28b7408b9bf648a733bea",
          "version": "1.0.2"
        }
      },
      {
        "package": "moa",
        "repositoryURL": "https://github.com/evgenyneu/moa",
        "state": {
          "branch": null,
          "revision": "844b6eb4123d0f3dba7130554b71785fcd0dabc8",
          "version": "12.0.0"
        }
      },
      {
        "package": "SDWebImage",
        "repositoryURL": "https://github.com/SDWebImage/SDWebImage.git",
        "state": {
          "branch": null,
          "revision": "a6b6e44eadf0d39250c10a7cc0e3b91d0bdb0e94",
          "version": "5.10.4"
        }
      }
    ]
  },
  "version": 1
}
