{
  "object": {
    "pins": [
      {
        "package": "APIClient",
        "repositoryURL": "https://github.com/DanielCardonaRojas/APIClient",
        "state": {
          "branch": null,
          "revision": "0b5696e865f437c28264b0914794c0aff162094c",
          "version": null
        }
      },
      {
        "package": "KeypathAutolayout",
        "repositoryURL": "https://github.com/DanielCardonaRojas/KeyPathAutoLayout",
        "state": {
          "branch": null,
          "revision": "074bdd5ecf670963f2e28b7408b9bf648a733bea",
          "version": "1.0.2"
        }
      },
      {
        "package": "SDWebImage",
        "repositoryURL": "https://github.com/SDWebImage/SDWebImage.git",
        "state": {
          "branch": null,
          "revision": "a6b6e44eadf0d39250c10a7cc0e3b91d0bdb0e94",
          "version": "5.10.4"
        }
      }
    ]
  },
  "version": 1
}
