// !$*UTF8*$!
{
	archiveVersion = 1;
	classes = {
	};
	objectVersion = 52;
	objects = {

/* Begin PBXBuildFile section */
		C4076924260E76F50005ECCF /* ProductSearchViewModel.swift in Sources */ = {isa = PBXBuildFile; fileRef = C4076923260E76F50005ECCF /* ProductSearchViewModel.swift */; };
		C4076928260E78C70005ECCF /* ProductSearchResultsCell.swift in Sources */ = {isa = PBXBuildFile; fileRef = C4076927260E78C70005ECCF /* ProductSearchResultsCell.swift */; };
		C41A52AB260E6F9F005FD9C3 /* MercadoLibreAPI.swift in Sources */ = {isa = PBXBuildFile; fileRef = C41A52AA260E6F9F005FD9C3 /* MercadoLibreAPI.swift */; };
		C4206C372611129800E5C339 /* Suggestions.swift in Sources */ = {isa = PBXBuildFile; fileRef = C4206C362611129800E5C339 /* Suggestions.swift */; };
		C4206C3B2611153F00E5C339 /* SuggestionsViewController.swift in Sources */ = {isa = PBXBuildFile; fileRef = C4206C3A2611153F00E5C339 /* SuggestionsViewController.swift */; };
		C4206C3F2611154F00E5C339 /* SuggestionsViewModel.swift in Sources */ = {isa = PBXBuildFile; fileRef = C4206C3E2611154F00E5C339 /* SuggestionsViewModel.swift */; };
		C4206C432611162C00E5C339 /* SuggestionsViewModelTests.swift in Sources */ = {isa = PBXBuildFile; fileRef = C4206C422611162C00E5C339 /* SuggestionsViewModelTests.swift */; };
		C4206C472611184900E5C339 /* suggested_queries.json in Resources */ = {isa = PBXBuildFile; fileRef = C4206C462611184900E5C339 /* suggested_queries.json */; };
		C43231A3260F760D00733E1A /* ProductDetails.swift in Sources */ = {isa = PBXBuildFile; fileRef = C43231A2260F760D00733E1A /* ProductDetails.swift */; };
		C43231A7260F791300733E1A /* product_details.json in Resources */ = {isa = PBXBuildFile; fileRef = C43231A6260F791300733E1A /* product_details.json */; };
		C43231AF260F797500733E1A /* ProductDetailsViewModel.swift in Sources */ = {isa = PBXBuildFile; fileRef = C43231AE260F797500733E1A /* ProductDetailsViewModel.swift */; };
		C43231B5260F7B0600733E1A /* ProductDetailsViewModelTests.swift in Sources */ = {isa = PBXBuildFile; fileRef = C43231B4260F7B0600733E1A /* ProductDetailsViewModelTests.swift */; };
		C43231C4260F7FCF00733E1A /* SDWebImage in Frameworks */ = {isa = PBXBuildFile; productRef = C43231C3260F7FCF00733E1A /* SDWebImage */; };
		C43231C9260F801100733E1A /* APIClient in Frameworks */ = {isa = PBXBuildFile; productRef = C43231C8260F801100733E1A /* APIClient */; };
		C43231CE260F802800733E1A /* KeypathAutolayout in Frameworks */ = {isa = PBXBuildFile; productRef = C43231CD260F802800733E1A /* KeypathAutolayout */; };
		C43231D2260F847200733E1A /* ProductDetailsViewController.swift in Sources */ = {isa = PBXBuildFile; fileRef = C43231D1260F847200733E1A /* ProductDetailsViewController.swift */; };
		C43231D6260F860F00733E1A /* UIStoryboard+Extensions.swift in Sources */ = {isa = PBXBuildFile; fileRef = C43231D5260F860F00733E1A /* UIStoryboard+Extensions.swift */; };
		C46E3B662610B44F00C89E8B /* LoadingViewController.swift in Sources */ = {isa = PBXBuildFile; fileRef = C46E3B652610B44F00C89E8B /* LoadingViewController.swift */; };
		C46E3B752610EB1C00C89E8B /* EmptySearchResultsView.xib in Resources */ = {isa = PBXBuildFile; fileRef = C46E3B742610EB1C00C89E8B /* EmptySearchResultsView.xib */; };
		C46E3B792610EDB800C89E8B /* UIView+Extensions.swift in Sources */ = {isa = PBXBuildFile; fileRef = C46E3B782610EDB800C89E8B /* UIView+Extensions.swift */; };
		C46E3B7D2611013700C89E8B /* ProductSearchViewModelTests.swift in Sources */ = {isa = PBXBuildFile; fileRef = C46E3B7C2611013700C89E8B /* ProductSearchViewModelTests.swift */; };
		C4793821260FB28900BE5187 /* Auk in Frameworks */ = {isa = PBXBuildFile; productRef = C4793820260FB28900BE5187 /* Auk */; };
		C4793827260FCA4900BE5187 /* product_descriptions.json in Resources */ = {isa = PBXBuildFile; fileRef = C4793826260FCA4900BE5187 /* product_descriptions.json */; };
		C4793831260FE94F00BE5187 /* Numeric+Extensions.swift in Sources */ = {isa = PBXBuildFile; fileRef = C4793830260FE94F00BE5187 /* Numeric+Extensions.swift */; };
		C4793835260FEB9600BE5187 /* Constants.swift in Sources */ = {isa = PBXBuildFile; fileRef = C4793834260FEB9600BE5187 /* Constants.swift */; };
		C479383B260FF98200BE5187 /* ToastManager.swift in Sources */ = {isa = PBXBuildFile; fileRef = C479383A260FF98200BE5187 /* ToastManager.swift */; };
		C4793847260FFC3D00BE5187 /* ToastMessageView.swift in Sources */ = {isa = PBXBuildFile; fileRef = C4793846260FFC3D00BE5187 /* ToastMessageView.swift */; };
		C47A5419260E63D10093335D /* AppDelegate.swift in Sources */ = {isa = PBXBuildFile; fileRef = C47A5418260E63D10093335D /* AppDelegate.swift */; };
		C47A541B260E63D10093335D /* SceneDelegate.swift in Sources */ = {isa = PBXBuildFile; fileRef = C47A541A260E63D10093335D /* SceneDelegate.swift */; };
		C47A541D260E63D10093335D /* SearchResultsViewController.swift in Sources */ = {isa = PBXBuildFile; fileRef = C47A541C260E63D10093335D /* SearchResultsViewController.swift */; };
		C47A5420260E63D10093335D /* Main.storyboard in Resources */ = {isa = PBXBuildFile; fileRef = C47A541E260E63D10093335D /* Main.storyboard */; };
		C47A5422260E63D30093335D /* Assets.xcassets in Resources */ = {isa = PBXBuildFile; fileRef = C47A5421260E63D30093335D /* Assets.xcassets */; };
		C47A5425260E63D30093335D /* LaunchScreen.storyboard in Resources */ = {isa = PBXBuildFile; fileRef = C47A5423260E63D30093335D /* LaunchScreen.storyboard */; };
		C47A5430260E63D30093335D /* MercadoLibreModelTests.swift in Sources */ = {isa = PBXBuildFile; fileRef = C47A542F260E63D30093335D /* MercadoLibreModelTests.swift */; };
		C47A544D260E64CE0093335D /* SearchResult.swift in Sources */ = {isa = PBXBuildFile; fileRef = C47A544C260E64CE0093335D /* SearchResult.swift */; };
		C47A5453260E65400093335D /* meli_search_results.json in Resources */ = {isa = PBXBuildFile; fileRef = C47A5452260E65400093335D /* meli_search_results.json */; };
		C4CB8682260EBC2C00C2E0B2 /* Array+Extensions.swift in Sources */ = {isa = PBXBuildFile; fileRef = C4CB8681260EBC2C00C2E0B2 /* Array+Extensions.swift */; };
/* End PBXBuildFile section */

/* Begin PBXContainerItemProxy section */
		C47A542C260E63D30093335D /* PBXContainerItemProxy */ = {
			isa = PBXContainerItemProxy;
			containerPortal = C47A540D260E63D10093335D /* Project object */;
			proxyType = 1;
			remoteGlobalIDString = C47A5414260E63D10093335D;
			remoteInfo = MercadoLibre;
		};
/* End PBXContainerItemProxy section */

/* Begin PBXFileReference section */
		C4076923260E76F50005ECCF /* ProductSearchViewModel.swift */ = {isa = PBXFileReference; lastKnownFileType = sourcecode.swift; path = ProductSearchViewModel.swift; sourceTree = "<group>"; };
		C4076927260E78C70005ECCF /* ProductSearchResultsCell.swift */ = {isa = PBXFileReference; lastKnownFileType = sourcecode.swift; path = ProductSearchResultsCell.swift; sourceTree = "<group>"; };
		C41A52AA260E6F9F005FD9C3 /* MercadoLibreAPI.swift */ = {isa = PBXFileReference; lastKnownFileType = sourcecode.swift; path = MercadoLibreAPI.swift; sourceTree = "<group>"; };
		C4206C362611129800E5C339 /* Suggestions.swift */ = {isa = PBXFileReference; lastKnownFileType = sourcecode.swift; path = Suggestions.swift; sourceTree = "<group>"; };
		C4206C3A2611153F00E5C339 /* SuggestionsViewController.swift */ = {isa = PBXFileReference; lastKnownFileType = sourcecode.swift; path = SuggestionsViewController.swift; sourceTree = "<group>"; };
		C4206C3E2611154F00E5C339 /* SuggestionsViewModel.swift */ = {isa = PBXFileReference; lastKnownFileType = sourcecode.swift; path = SuggestionsViewModel.swift; sourceTree = "<group>"; };
		C4206C422611162C00E5C339 /* SuggestionsViewModelTests.swift */ = {isa = PBXFileReference; lastKnownFileType = sourcecode.swift; path = SuggestionsViewModelTests.swift; sourceTree = "<group>"; };
		C4206C462611184900E5C339 /* suggested_queries.json */ = {isa = PBXFileReference; fileEncoding = 4; lastKnownFileType = text.json; path = suggested_queries.json; sourceTree = "<group>"; };
		C43231A2260F760D00733E1A /* ProductDetails.swift */ = {isa = PBXFileReference; lastKnownFileType = sourcecode.swift; path = ProductDetails.swift; sourceTree = "<group>"; };
		C43231A6260F791300733E1A /* product_details.json */ = {isa = PBXFileReference; fileEncoding = 4; lastKnownFileType = text.json; path = product_details.json; sourceTree = "<group>"; };
		C43231AE260F797500733E1A /* ProductDetailsViewModel.swift */ = {isa = PBXFileReference; lastKnownFileType = sourcecode.swift; path = ProductDetailsViewModel.swift; sourceTree = "<group>"; };
		C43231B4260F7B0600733E1A /* ProductDetailsViewModelTests.swift */ = {isa = PBXFileReference; lastKnownFileType = sourcecode.swift; path = ProductDetailsViewModelTests.swift; sourceTree = "<group>"; };
		C43231D1260F847200733E1A /* ProductDetailsViewController.swift */ = {isa = PBXFileReference; lastKnownFileType = sourcecode.swift; path = ProductDetailsViewController.swift; sourceTree = "<group>"; };
		C43231D5260F860F00733E1A /* UIStoryboard+Extensions.swift */ = {isa = PBXFileReference; lastKnownFileType = sourcecode.swift; path = "UIStoryboard+Extensions.swift"; sourceTree = "<group>"; };
		C46E3B652610B44F00C89E8B /* LoadingViewController.swift */ = {isa = PBXFileReference; lastKnownFileType = sourcecode.swift; path = LoadingViewController.swift; sourceTree = "<group>"; };
		C46E3B742610EB1C00C89E8B /* EmptySearchResultsView.xib */ = {isa = PBXFileReference; lastKnownFileType = file.xib; path = EmptySearchResultsView.xib; sourceTree = "<group>"; };
		C46E3B782610EDB800C89E8B /* UIView+Extensions.swift */ = {isa = PBXFileReference; lastKnownFileType = sourcecode.swift; path = "UIView+Extensions.swift"; sourceTree = "<group>"; };
		C46E3B7C2611013700C89E8B /* ProductSearchViewModelTests.swift */ = {isa = PBXFileReference; lastKnownFileType = sourcecode.swift; path = ProductSearchViewModelTests.swift; sourceTree = "<group>"; };
		C4793826260FCA4900BE5187 /* product_descriptions.json */ = {isa = PBXFileReference; fileEncoding = 4; lastKnownFileType = text.json; path = product_descriptions.json; sourceTree = "<group>"; };
		C4793830260FE94F00BE5187 /* Numeric+Extensions.swift */ = {isa = PBXFileReference; lastKnownFileType = sourcecode.swift; path = "Numeric+Extensions.swift"; sourceTree = "<group>"; };
		C4793834260FEB9600BE5187 /* Constants.swift */ = {isa = PBXFileReference; lastKnownFileType = sourcecode.swift; path = Constants.swift; sourceTree = "<group>"; };
		C479383A260FF98200BE5187 /* ToastManager.swift */ = {isa = PBXFileReference; lastKnownFileType = sourcecode.swift; path = ToastManager.swift; sourceTree = "<group>"; };
		C4793846260FFC3D00BE5187 /* ToastMessageView.swift */ = {isa = PBXFileReference; lastKnownFileType = sourcecode.swift; path = ToastMessageView.swift; sourceTree = "<group>"; };
		C47A5415260E63D10093335D /* MercadoLibre.app */ = {isa = PBXFileReference; explicitFileType = wrapper.application; includeInIndex = 0; path = MercadoLibre.app; sourceTree = BUILT_PRODUCTS_DIR; };
		C47A5418260E63D10093335D /* AppDelegate.swift */ = {isa = PBXFileReference; lastKnownFileType = sourcecode.swift; path = AppDelegate.swift; sourceTree = "<group>"; };
		C47A541A260E63D10093335D /* SceneDelegate.swift */ = {isa = PBXFileReference; lastKnownFileType = sourcecode.swift; path = SceneDelegate.swift; sourceTree = "<group>"; };
		C47A541C260E63D10093335D /* SearchResultsViewController.swift */ = {isa = PBXFileReference; lastKnownFileType = sourcecode.swift; path = SearchResultsViewController.swift; sourceTree = "<group>"; };
		C47A541F260E63D10093335D /* Base */ = {isa = PBXFileReference; lastKnownFileType = file.storyboard; name = Base; path = Base.lproj/Main.storyboard; sourceTree = "<group>"; };
		C47A5421260E63D30093335D /* Assets.xcassets */ = {isa = PBXFileReference; lastKnownFileType = folder.assetcatalog; path = Assets.xcassets; sourceTree = "<group>"; };
		C47A5424260E63D30093335D /* Base */ = {isa = PBXFileReference; lastKnownFileType = file.storyboard; name = Base; path = Base.lproj/LaunchScreen.storyboard; sourceTree = "<group>"; };
		C47A5426260E63D30093335D /* Info.plist */ = {isa = PBXFileReference; lastKnownFileType = text.plist.xml; path = Info.plist; sourceTree = "<group>"; };
		C47A542B260E63D30093335D /* MercadoLibreTests.xctest */ = {isa = PBXFileReference; explicitFileType = wrapper.cfbundle; includeInIndex = 0; path = MercadoLibreTests.xctest; sourceTree = BUILT_PRODUCTS_DIR; };
		C47A542F260E63D30093335D /* MercadoLibreModelTests.swift */ = {isa = PBXFileReference; lastKnownFileType = sourcecode.swift; path = MercadoLibreModelTests.swift; sourceTree = "<group>"; };
		C47A5431260E63D30093335D /* Info.plist */ = {isa = PBXFileReference; lastKnownFileType = text.plist.xml; path = Info.plist; sourceTree = "<group>"; };
		C47A544C260E64CE0093335D /* SearchResult.swift */ = {isa = PBXFileReference; lastKnownFileType = sourcecode.swift; path = SearchResult.swift; sourceTree = "<group>"; };
		C47A5452260E65400093335D /* meli_search_results.json */ = {isa = PBXFileReference; fileEncoding = 4; lastKnownFileType = text.json; path = meli_search_results.json; sourceTree = "<group>"; };
		C4CB8681260EBC2C00C2E0B2 /* Array+Extensions.swift */ = {isa = PBXFileReference; lastKnownFileType = sourcecode.swift; path = "Array+Extensions.swift"; sourceTree = "<group>"; };
/* End PBXFileReference section */

/* Begin PBXFrameworksBuildPhase section */
		C47A5412260E63D10093335D /* Frameworks */ = {
			isa = PBXFrameworksBuildPhase;
			buildActionMask = 2147483647;
			files = (
				C4793821260FB28900BE5187 /* Auk in Frameworks */,
				C43231C9260F801100733E1A /* APIClient in Frameworks */,
				C43231CE260F802800733E1A /* KeypathAutolayout in Frameworks */,
				C43231C4260F7FCF00733E1A /* SDWebImage in Frameworks */,
			);
			runOnlyForDeploymentPostprocessing = 0;
		};
		C47A5428260E63D30093335D /* Frameworks */ = {
			isa = PBXFrameworksBuildPhase;
			buildActionMask = 2147483647;
			files = (
			);
			runOnlyForDeploymentPostprocessing = 0;
		};
/* End PBXFrameworksBuildPhase section */

/* Begin PBXGroup section */
		C41A52A5260E6F27005FD9C3 /* UI */ = {
			isa = PBXGroup;
			children = (
				C47A541C260E63D10093335D /* SearchResultsViewController.swift */,
				C43231D1260F847200733E1A /* ProductDetailsViewController.swift */,
				C4076927260E78C70005ECCF /* ProductSearchResultsCell.swift */,
				C4793846260FFC3D00BE5187 /* ToastMessageView.swift */,
				C46E3B652610B44F00C89E8B /* LoadingViewController.swift */,
				C46E3B742610EB1C00C89E8B /* EmptySearchResultsView.xib */,
				C4206C3A2611153F00E5C339 /* SuggestionsViewController.swift */,
			);
			path = UI;
			sourceTree = "<group>";
		};
		C41A52A7260E6F3A005FD9C3 /* Application */ = {
			isa = PBXGroup;
			children = (
				C4076923260E76F50005ECCF /* ProductSearchViewModel.swift */,
				C43231AE260F797500733E1A /* ProductDetailsViewModel.swift */,
				C4206C3E2611154F00E5C339 /* SuggestionsViewModel.swift */,
			);
			path = Application;
			sourceTree = "<group>";
		};
		C41A52A8260E6F48005FD9C3 /* Data */ = {
			isa = PBXGroup;
			children = (
				C47A544B260E64620093335D /* Models */,
				C41A52AA260E6F9F005FD9C3 /* MercadoLibreAPI.swift */,
			);
			path = Data;
			sourceTree = "<group>";
		};
		C41A52A9260E6F56005FD9C3 /* Utils */ = {
			isa = PBXGroup;
			children = (
				C47A545A260E682D0093335D /* Extensions */,
				C4793834260FEB9600BE5187 /* Constants.swift */,
				C479383A260FF98200BE5187 /* ToastManager.swift */,
			);
			path = Utils;
			sourceTree = "<group>";
		};
		C47A540C260E63D10093335D = {
			isa = PBXGroup;
			children = (
				C47A5417260E63D10093335D /* MercadoLibre */,
				C47A542E260E63D30093335D /* MercadoLibreTests */,
				C47A5416260E63D10093335D /* Products */,
			);
			sourceTree = "<group>";
		};
		C47A5416260E63D10093335D /* Products */ = {
			isa = PBXGroup;
			children = (
				C47A5415260E63D10093335D /* MercadoLibre.app */,
				C47A542B260E63D30093335D /* MercadoLibreTests.xctest */,
			);
			name = Products;
			sourceTree = "<group>";
		};
		C47A5417260E63D10093335D /* MercadoLibre */ = {
			isa = PBXGroup;
			children = (
				C41A52A9260E6F56005FD9C3 /* Utils */,
				C41A52A8260E6F48005FD9C3 /* Data */,
				C41A52A7260E6F3A005FD9C3 /* Application */,
				C41A52A5260E6F27005FD9C3 /* UI */,
				C47A5418260E63D10093335D /* AppDelegate.swift */,
				C47A541A260E63D10093335D /* SceneDelegate.swift */,
				C47A541E260E63D10093335D /* Main.storyboard */,
				C47A5421260E63D30093335D /* Assets.xcassets */,
				C47A5423260E63D30093335D /* LaunchScreen.storyboard */,
				C47A5426260E63D30093335D /* Info.plist */,
			);
			path = MercadoLibre;
			sourceTree = "<group>";
		};
		C47A542E260E63D30093335D /* MercadoLibreTests */ = {
			isa = PBXGroup;
			children = (
				C47A5451260E64DD0093335D /* Fixtures */,
				C47A542F260E63D30093335D /* MercadoLibreModelTests.swift */,
				C47A5431260E63D30093335D /* Info.plist */,
				C43231B4260F7B0600733E1A /* ProductDetailsViewModelTests.swift */,
				C46E3B7C2611013700C89E8B /* ProductSearchViewModelTests.swift */,
				C4206C422611162C00E5C339 /* SuggestionsViewModelTests.swift */,
			);
			path = MercadoLibreTests;
			sourceTree = "<group>";
		};
		C47A544B260E64620093335D /* Models */ = {
			isa = PBXGroup;
			children = (
				C47A544C260E64CE0093335D /* SearchResult.swift */,
				C43231A2260F760D00733E1A /* ProductDetails.swift */,
				C4206C362611129800E5C339 /* Suggestions.swift */,
			);
			path = Models;
			sourceTree = "<group>";
		};
		C47A5451260E64DD0093335D /* Fixtures */ = {
			isa = PBXGroup;
			children = (
				C4206C462611184900E5C339 /* suggested_queries.json */,
				C4793826260FCA4900BE5187 /* product_descriptions.json */,
				C43231A6260F791300733E1A /* product_details.json */,
				C47A5452260E65400093335D /* meli_search_results.json */,
			);
			path = Fixtures;
			sourceTree = "<group>";
		};
		C47A545A260E682D0093335D /* Extensions */ = {
			isa = PBXGroup;
			children = (
				C4CB8681260EBC2C00C2E0B2 /* Array+Extensions.swift */,
				C43231D5260F860F00733E1A /* UIStoryboard+Extensions.swift */,
				C4793830260FE94F00BE5187 /* Numeric+Extensions.swift */,
				C46E3B782610EDB800C89E8B /* UIView+Extensions.swift */,
			);
			path = Extensions;
			sourceTree = "<group>";
		};
/* End PBXGroup section */

/* Begin PBXNativeTarget section */
		C47A5414260E63D10093335D /* MercadoLibre */ = {
			isa = PBXNativeTarget;
			buildConfigurationList = C47A543F260E63D30093335D /* Build configuration list for PBXNativeTarget "MercadoLibre" */;
			buildPhases = (
				C47A5411260E63D10093335D /* Sources */,
				C47A5412260E63D10093335D /* Frameworks */,
				C47A5413260E63D10093335D /* Resources */,
				C46E3B692610BEA100C89E8B /* ShellScript */,
			);
			buildRules = (
			);
			dependencies = (
			);
			name = MercadoLibre;
			packageProductDependencies = (
				C43231C3260F7FCF00733E1A /* SDWebImage */,
				C43231C8260F801100733E1A /* APIClient */,
				C43231CD260F802800733E1A /* KeypathAutolayout */,
				C4793820260FB28900BE5187 /* Auk */,
			);
			productName = MercadoLibre;
			productReference = C47A5415260E63D10093335D /* MercadoLibre.app */;
			productType = "com.apple.product-type.application";
		};
		C47A542A260E63D30093335D /* MercadoLibreTests */ = {
			isa = PBXNativeTarget;
			buildConfigurationList = C47A5442260E63D30093335D /* Build configuration list for PBXNativeTarget "MercadoLibreTests" */;
			buildPhases = (
				C47A5427260E63D30093335D /* Sources */,
				C47A5428260E63D30093335D /* Frameworks */,
				C47A5429260E63D30093335D /* Resources */,
			);
			buildRules = (
			);
			dependencies = (
				C47A542D260E63D30093335D /* PBXTargetDependency */,
			);
			name = MercadoLibreTests;
			productName = MercadoLibreTests;
			productReference = C47A542B260E63D30093335D /* MercadoLibreTests.xctest */;
			productType = "com.apple.product-type.bundle.unit-test";
		};
/* End PBXNativeTarget section */

/* Begin PBXProject section */
		C47A540D260E63D10093335D /* Project object */ = {
			isa = PBXProject;
			attributes = {
				LastSwiftUpdateCheck = 1240;
				LastUpgradeCheck = 1240;
				TargetAttributes = {
					C47A5414260E63D10093335D = {
						CreatedOnToolsVersion = 12.4;
					};
					C47A542A260E63D30093335D = {
						CreatedOnToolsVersion = 12.4;
						TestTargetID = C47A5414260E63D10093335D;
					};
				};
			};
			buildConfigurationList = C47A5410260E63D10093335D /* Build configuration list for PBXProject "MercadoLibre" */;
			compatibilityVersion = "Xcode 9.3";
			developmentRegion = en;
			hasScannedForEncodings = 0;
			knownRegions = (
				en,
				Base,
			);
			mainGroup = C47A540C260E63D10093335D;
			packageReferences = (
				C43231C2260F7FCF00733E1A /* XCRemoteSwiftPackageReference "SDWebImage" */,
				C43231C7260F801100733E1A /* XCRemoteSwiftPackageReference "APIClient" */,
				C43231CC260F802800733E1A /* XCRemoteSwiftPackageReference "KeypathAutolayout" */,
				C479381F260FB28900BE5187 /* XCRemoteSwiftPackageReference "Auk" */,
			);
			productRefGroup = C47A5416260E63D10093335D /* Products */;
			projectDirPath = "";
			projectRoot = "";
			targets = (
				C47A5414260E63D10093335D /* MercadoLibre */,
				C47A542A260E63D30093335D /* MercadoLibreTests */,
			);
		};
/* End PBXProject section */

/* Begin PBXResourcesBuildPhase section */
		C47A5413260E63D10093335D /* Resources */ = {
			isa = PBXResourcesBuildPhase;
			buildActionMask = 2147483647;
			files = (
				C47A5425260E63D30093335D /* LaunchScreen.storyboard in Resources */,
				C46E3B752610EB1C00C89E8B /* EmptySearchResultsView.xib in Resources */,
				C47A5422260E63D30093335D /* Assets.xcassets in Resources */,
				C47A5420260E63D10093335D /* Main.storyboard in Resources */,
			);
			runOnlyForDeploymentPostprocessing = 0;
		};
		C47A5429260E63D30093335D /* Resources */ = {
			isa = PBXResourcesBuildPhase;
			buildActionMask = 2147483647;
			files = (
				C43231A7260F791300733E1A /* product_details.json in Resources */,
				C4793827260FCA4900BE5187 /* product_descriptions.json in Resources */,
				C4206C472611184900E5C339 /* suggested_queries.json in Resources */,
				C47A5453260E65400093335D /* meli_search_results.json in Resources */,
			);
			runOnlyForDeploymentPostprocessing = 0;
		};
/* End PBXResourcesBuildPhase section */

/* Begin PBXShellScriptBuildPhase section */
		C46E3B692610BEA100C89E8B /* ShellScript */ = {
			isa = PBXShellScriptBuildPhase;
			buildActionMask = 2147483647;
			files = (
			);
			inputFileListPaths = (
			);
			inputPaths = (
			);
			outputFileListPaths = (
			);
			outputPaths = (
			);
			runOnlyForDeploymentPostprocessing = 0;
			shellPath = /bin/sh;
			shellScript = "if which swiftlint >/dev/null; then\n  swiftlint\nelse\n  echo \"warning: SwiftLint not installed, download from https://github.com/realm/SwiftLint\"\nfi\n";
		};
/* End PBXShellScriptBuildPhase section */

/* Begin PBXSourcesBuildPhase section */
		C47A5411260E63D10093335D /* Sources */ = {
			isa = PBXSourcesBuildPhase;
			buildActionMask = 2147483647;
			files = (
				C4076924260E76F50005ECCF /* ProductSearchViewModel.swift in Sources */,
				C43231AF260F797500733E1A /* ProductDetailsViewModel.swift in Sources */,
				C43231D2260F847200733E1A /* ProductDetailsViewController.swift in Sources */,
				C479383B260FF98200BE5187 /* ToastManager.swift in Sources */,
				C43231A3260F760D00733E1A /* ProductDetails.swift in Sources */,
				C46E3B662610B44F00C89E8B /* LoadingViewController.swift in Sources */,
				C4206C3F2611154F00E5C339 /* SuggestionsViewModel.swift in Sources */,
				C41A52AB260E6F9F005FD9C3 /* MercadoLibreAPI.swift in Sources */,
				C4793835260FEB9600BE5187 /* Constants.swift in Sources */,
				C4206C3B2611153F00E5C339 /* SuggestionsViewController.swift in Sources */,
				C47A541D260E63D10093335D /* SearchResultsViewController.swift in Sources */,
				C4206C372611129800E5C339 /* Suggestions.swift in Sources */,
				C43231D6260F860F00733E1A /* UIStoryboard+Extensions.swift in Sources */,
				C4CB8682260EBC2C00C2E0B2 /* Array+Extensions.swift in Sources */,
				C4793847260FFC3D00BE5187 /* ToastMessageView.swift in Sources */,
				C46E3B792610EDB800C89E8B /* UIView+Extensions.swift in Sources */,
				C47A5419260E63D10093335D /* AppDelegate.swift in Sources */,
				C47A544D260E64CE0093335D /* SearchResult.swift in Sources */,
				C4076928260E78C70005ECCF /* ProductSearchResultsCell.swift in Sources */,
				C47A541B260E63D10093335D /* SceneDelegate.swift in Sources */,
				C4793831260FE94F00BE5187 /* Numeric+Extensions.swift in Sources */,
			);
			runOnlyForDeploymentPostprocessing = 0;
		};
		C47A5427260E63D30093335D /* Sources */ = {
			isa = PBXSourcesBuildPhase;
			buildActionMask = 2147483647;
			files = (
				C4206C432611162C00E5C339 /* SuggestionsViewModelTests.swift in Sources */,
				C43231B5260F7B0600733E1A /* ProductDetailsViewModelTests.swift in Sources */,
				C46E3B7D2611013700C89E8B /* ProductSearchViewModelTests.swift in Sources */,
				C47A5430260E63D30093335D /* MercadoLibreModelTests.swift in Sources */,
			);
			runOnlyForDeploymentPostprocessing = 0;
		};
/* End PBXSourcesBuildPhase section */

/* Begin PBXTargetDependency section */
		C47A542D260E63D30093335D /* PBXTargetDependency */ = {
			isa = PBXTargetDependency;
			target = C47A5414260E63D10093335D /* MercadoLibre */;
			targetProxy = C47A542C260E63D30093335D /* PBXContainerItemProxy */;
		};
/* End PBXTargetDependency section */

/* Begin PBXVariantGroup section */
		C47A541E260E63D10093335D /* Main.storyboard */ = {
			isa = PBXVariantGroup;
			children = (
				C47A541F260E63D10093335D /* Base */,
			);
			name = Main.storyboard;
			sourceTree = "<group>";
		};
		C47A5423260E63D30093335D /* LaunchScreen.storyboard */ = {
			isa = PBXVariantGroup;
			children = (
				C47A5424260E63D30093335D /* Base */,
			);
			name = LaunchScreen.storyboard;
			sourceTree = "<group>";
		};
/* End PBXVariantGroup section */

/* Begin XCBuildConfiguration section */
		C47A543D260E63D30093335D /* Debug */ = {
			isa = XCBuildConfiguration;
			buildSettings = {
				ALWAYS_SEARCH_USER_PATHS = NO;
				CLANG_ANALYZER_NONNULL = YES;
				CLANG_ANALYZER_NUMBER_OBJECT_CONVERSION = YES_AGGRESSIVE;
				CLANG_CXX_LANGUAGE_STANDARD = "gnu++14";
				CLANG_CXX_LIBRARY = "libc++";
				CLANG_ENABLE_MODULES = YES;
				CLANG_ENABLE_OBJC_ARC = YES;
				CLANG_ENABLE_OBJC_WEAK = YES;
				CLANG_WARN_BLOCK_CAPTURE_AUTORELEASING = YES;
				CLANG_WARN_BOOL_CONVERSION = YES;
				CLANG_WARN_COMMA = YES;
				CLANG_WARN_CONSTANT_CONVERSION = YES;
				CLANG_WARN_DEPRECATED_OBJC_IMPLEMENTATIONS = YES;
				CLANG_WARN_DIRECT_OBJC_ISA_USAGE = YES_ERROR;
				CLANG_WARN_DOCUMENTATION_COMMENTS = YES;
				CLANG_WARN_EMPTY_BODY = YES;
				CLANG_WARN_ENUM_CONVERSION = YES;
				CLANG_WARN_INFINITE_RECURSION = YES;
				CLANG_WARN_INT_CONVERSION = YES;
				CLANG_WARN_NON_LITERAL_NULL_CONVERSION = YES;
				CLANG_WARN_OBJC_IMPLICIT_RETAIN_SELF = YES;
				CLANG_WARN_OBJC_LITERAL_CONVERSION = YES;
				CLANG_WARN_OBJC_ROOT_CLASS = YES_ERROR;
				CLANG_WARN_QUOTED_INCLUDE_IN_FRAMEWORK_HEADER = YES;
				CLANG_WARN_RANGE_LOOP_ANALYSIS = YES;
				CLANG_WARN_STRICT_PROTOTYPES = YES;
				CLANG_WARN_SUSPICIOUS_MOVE = YES;
				CLANG_WARN_UNGUARDED_AVAILABILITY = YES_AGGRESSIVE;
				CLANG_WARN_UNREACHABLE_CODE = YES;
				CLANG_WARN__DUPLICATE_METHOD_MATCH = YES;
				COPY_PHASE_STRIP = NO;
				DEBUG_INFORMATION_FORMAT = dwarf;
				ENABLE_STRICT_OBJC_MSGSEND = YES;
				ENABLE_TESTABILITY = YES;
				GCC_C_LANGUAGE_STANDARD = gnu11;
				GCC_DYNAMIC_NO_PIC = NO;
				GCC_NO_COMMON_BLOCKS = YES;
				GCC_OPTIMIZATION_LEVEL = 0;
				GCC_PREPROCESSOR_DEFINITIONS = (
					"DEBUG=1",
					"$(inherited)",
				);
				GCC_WARN_64_TO_32_BIT_CONVERSION = YES;
				GCC_WARN_ABOUT_RETURN_TYPE = YES_ERROR;
				GCC_WARN_UNDECLARED_SELECTOR = YES;
				GCC_WARN_UNINITIALIZED_AUTOS = YES_AGGRESSIVE;
				GCC_WARN_UNUSED_FUNCTION = YES;
				GCC_WARN_UNUSED_VARIABLE = YES;
				IPHONEOS_DEPLOYMENT_TARGET = 13.2;
				MTL_ENABLE_DEBUG_INFO = INCLUDE_SOURCE;
				MTL_FAST_MATH = YES;
				ONLY_ACTIVE_ARCH = YES;
				SDKROOT = iphoneos;
				SWIFT_ACTIVE_COMPILATION_CONDITIONS = DEBUG;
				SWIFT_OPTIMIZATION_LEVEL = "-Onone";
			};
			name = Debug;
		};
		C47A543E260E63D30093335D /* Release */ = {
			isa = XCBuildConfiguration;
			buildSettings = {
				ALWAYS_SEARCH_USER_PATHS = NO;
				CLANG_ANALYZER_NONNULL = YES;
				CLANG_ANALYZER_NUMBER_OBJECT_CONVERSION = YES_AGGRESSIVE;
				CLANG_CXX_LANGUAGE_STANDARD = "gnu++14";
				CLANG_CXX_LIBRARY = "libc++";
				CLANG_ENABLE_MODULES = YES;
				CLANG_ENABLE_OBJC_ARC = YES;
				CLANG_ENABLE_OBJC_WEAK = YES;
				CLANG_WARN_BLOCK_CAPTURE_AUTORELEASING = YES;
				CLANG_WARN_BOOL_CONVERSION = YES;
				CLANG_WARN_COMMA = YES;
				CLANG_WARN_CONSTANT_CONVERSION = YES;
				CLANG_WARN_DEPRECATED_OBJC_IMPLEMENTATIONS = YES;
				CLANG_WARN_DIRECT_OBJC_ISA_USAGE = YES_ERROR;
				CLANG_WARN_DOCUMENTATION_COMMENTS = YES;
				CLANG_WARN_EMPTY_BODY = YES;
				CLANG_WARN_ENUM_CONVERSION = YES;
				CLANG_WARN_INFINITE_RECURSION = YES;
				CLANG_WARN_INT_CONVERSION = YES;
				CLANG_WARN_NON_LITERAL_NULL_CONVERSION = YES;
				CLANG_WARN_OBJC_IMPLICIT_RETAIN_SELF = YES;
				CLANG_WARN_OBJC_LITERAL_CONVERSION = YES;
				CLANG_WARN_OBJC_ROOT_CLASS = YES_ERROR;
				CLANG_WARN_QUOTED_INCLUDE_IN_FRAMEWORK_HEADER = YES;
				CLANG_WARN_RANGE_LOOP_ANALYSIS = YES;
				CLANG_WARN_STRICT_PROTOTYPES = YES;
				CLANG_WARN_SUSPICIOUS_MOVE = YES;
				CLANG_WARN_UNGUARDED_AVAILABILITY = YES_AGGRESSIVE;
				CLANG_WARN_UNREACHABLE_CODE = YES;
				CLANG_WARN__DUPLICATE_METHOD_MATCH = YES;
				COPY_PHASE_STRIP = NO;
				DEBUG_INFORMATION_FORMAT = "dwarf-with-dsym";
				ENABLE_NS_ASSERTIONS = NO;
				ENABLE_STRICT_OBJC_MSGSEND = YES;
				GCC_C_LANGUAGE_STANDARD = gnu11;
				GCC_NO_COMMON_BLOCKS = YES;
				GCC_WARN_64_TO_32_BIT_CONVERSION = YES;
				GCC_WARN_ABOUT_RETURN_TYPE = YES_ERROR;
				GCC_WARN_UNDECLARED_SELECTOR = YES;
				GCC_WARN_UNINITIALIZED_AUTOS = YES_AGGRESSIVE;
				GCC_WARN_UNUSED_FUNCTION = YES;
				GCC_WARN_UNUSED_VARIABLE = YES;
				IPHONEOS_DEPLOYMENT_TARGET = 13.2;
				MTL_ENABLE_DEBUG_INFO = NO;
				MTL_FAST_MATH = YES;
				SDKROOT = iphoneos;
				SWIFT_COMPILATION_MODE = wholemodule;
				SWIFT_OPTIMIZATION_LEVEL = "-O";
				VALIDATE_PRODUCT = YES;
			};
			name = Release;
		};
		C47A5440260E63D30093335D /* Debug */ = {
			isa = XCBuildConfiguration;
			buildSettings = {
				ASSETCATALOG_COMPILER_APPICON_NAME = AppIcon;
				ASSETCATALOG_COMPILER_GLOBAL_ACCENT_COLOR_NAME = AccentColor;
				CODE_SIGN_STYLE = Automatic;
				DEVELOPMENT_TEAM = L6BZS62EE3;
				INFOPLIST_FILE = MercadoLibre/Info.plist;
				LD_RUNPATH_SEARCH_PATHS = (
					"$(inherited)",
					"@executable_path/Frameworks",
				);
				PRODUCT_BUNDLE_IDENTIFIER = dev.danielcardona.MercadoLibre;
				PRODUCT_NAME = "$(TARGET_NAME)";
				SWIFT_VERSION = 5.0;
				TARGETED_DEVICE_FAMILY = "1,2";
			};
			name = Debug;
		};
		C47A5441260E63D30093335D /* Release */ = {
			isa = XCBuildConfiguration;
			buildSettings = {
				ASSETCATALOG_COMPILER_APPICON_NAME = AppIcon;
				ASSETCATALOG_COMPILER_GLOBAL_ACCENT_COLOR_NAME = AccentColor;
				CODE_SIGN_STYLE = Automatic;
				DEVELOPMENT_TEAM = L6BZS62EE3;
				INFOPLIST_FILE = MercadoLibre/Info.plist;
				LD_RUNPATH_SEARCH_PATHS = (
					"$(inherited)",
					"@executable_path/Frameworks",
				);
				PRODUCT_BUNDLE_IDENTIFIER = dev.danielcardona.MercadoLibre;
				PRODUCT_NAME = "$(TARGET_NAME)";
				SWIFT_VERSION = 5.0;
				TARGETED_DEVICE_FAMILY = "1,2";
			};
			name = Release;
		};
		C47A5443260E63D30093335D /* Debug */ = {
			isa = XCBuildConfiguration;
			buildSettings = {
				ALWAYS_EMBED_SWIFT_STANDARD_LIBRARIES = YES;
				BUNDLE_LOADER = "$(TEST_HOST)";
				CODE_SIGN_STYLE = Automatic;
				INFOPLIST_FILE = MercadoLibreTests/Info.plist;
				IPHONEOS_DEPLOYMENT_TARGET = 14.4;
				LD_RUNPATH_SEARCH_PATHS = (
					"$(inherited)",
					"@executable_path/Frameworks",
					"@loader_path/Frameworks",
				);
				PRODUCT_BUNDLE_IDENTIFIER = com.decaroj.MercadoLibreTests;
				PRODUCT_NAME = "$(TARGET_NAME)";
				SWIFT_VERSION = 5.0;
				TARGETED_DEVICE_FAMILY = "1,2";
				TEST_HOST = "$(BUILT_PRODUCTS_DIR)/MercadoLibre.app/MercadoLibre";
			};
			name = Debug;
		};
		C47A5444260E63D30093335D /* Release */ = {
			isa = XCBuildConfiguration;
			buildSettings = {
				ALWAYS_EMBED_SWIFT_STANDARD_LIBRARIES = YES;
				BUNDLE_LOADER = "$(TEST_HOST)";
				CODE_SIGN_STYLE = Automatic;
				INFOPLIST_FILE = MercadoLibreTests/Info.plist;
				IPHONEOS_DEPLOYMENT_TARGET = 14.4;
				LD_RUNPATH_SEARCH_PATHS = (
					"$(inherited)",
					"@executable_path/Frameworks",
					"@loader_path/Frameworks",
				);
				PRODUCT_BUNDLE_IDENTIFIER = com.decaroj.MercadoLibreTests;
				PRODUCT_NAME = "$(TARGET_NAME)";
				SWIFT_VERSION = 5.0;
				TARGETED_DEVICE_FAMILY = "1,2";
				TEST_HOST = "$(BUILT_PRODUCTS_DIR)/MercadoLibre.app/MercadoLibre";
			};
			name = Release;
		};
/* End XCBuildConfiguration section */

/* Begin XCConfigurationList section */
		C47A5410260E63D10093335D /* Build configuration list for PBXProject "MercadoLibre" */ = {
			isa = XCConfigurationList;
			buildConfigurations = (
				C47A543D260E63D30093335D /* Debug */,
				C47A543E260E63D30093335D /* Release */,
			);
			defaultConfigurationIsVisible = 0;
			defaultConfigurationName = Release;
		};
		C47A543F260E63D30093335D /* Build configuration list for PBXNativeTarget "MercadoLibre" */ = {
			isa = XCConfigurationList;
			buildConfigurations = (
				C47A5440260E63D30093335D /* Debug */,
				C47A5441260E63D30093335D /* Release */,
			);
			defaultConfigurationIsVisible = 0;
			defaultConfigurationName = Release;
		};
		C47A5442260E63D30093335D /* Build configuration list for PBXNativeTarget "MercadoLibreTests" */ = {
			isa = XCConfigurationList;
			buildConfigurations = (
				C47A5443260E63D30093335D /* Debug */,
				C47A5444260E63D30093335D /* Release */,
			);
			defaultConfigurationIsVisible = 0;
			defaultConfigurationName = Release;
		};
/* End XCConfigurationList section */

/* Begin XCRemoteSwiftPackageReference section */
		C43231C2260F7FCF00733E1A /* XCRemoteSwiftPackageReference "SDWebImage" */ = {
			isa = XCRemoteSwiftPackageReference;
			repositoryURL = "https://github.com/SDWebImage/SDWebImage.git";
			requirement = {
				kind = upToNextMajorVersion;
				minimumVersion = 5.10.4;
			};
		};
		C43231C7260F801100733E1A /* XCRemoteSwiftPackageReference "APIClient" */ = {
			isa = XCRemoteSwiftPackageReference;
			repositoryURL = "https://github.com/DanielCardonaRojas/APIClient";
			requirement = {
				kind = upToNextMajorVersion;
				minimumVersion = 1.2.0;
			};
		};
		C43231CC260F802800733E1A /* XCRemoteSwiftPackageReference "KeypathAutolayout" */ = {
			isa = XCRemoteSwiftPackageReference;
			repositoryURL = "https://github.com/DanielCardonaRojas/KeypathAutolayout";
			requirement = {
				kind = upToNextMajorVersion;
				minimumVersion = 1.0.2;
			};
		};
		C479381F260FB28900BE5187 /* XCRemoteSwiftPackageReference "Auk" */ = {
			isa = XCRemoteSwiftPackageReference;
			repositoryURL = "https://github.com/DanielCardonaRojas/Auk";
			requirement = {
				kind = revision;
				revision = 51b36d94391351f2360374713cf012176acaf4c9;
			};
		};
/* End XCRemoteSwiftPackageReference section */

/* Begin XCSwiftPackageProductDependency section */
		C43231C3260F7FCF00733E1A /* SDWebImage */ = {
			isa = XCSwiftPackageProductDependency;
			package = C43231C2260F7FCF00733E1A /* XCRemoteSwiftPackageReference "SDWebImage" */;
			productName = SDWebImage;
		};
		C43231C8260F801100733E1A /* APIClient */ = {
			isa = XCSwiftPackageProductDependency;
			package = C43231C7260F801100733E1A /* XCRemoteSwiftPackageReference "APIClient" */;
			productName = APIClient;
		};
		C43231CD260F802800733E1A /* KeypathAutolayout */ = {
			isa = XCSwiftPackageProductDependency;
			package = C43231CC260F802800733E1A /* XCRemoteSwiftPackageReference "KeypathAutolayout" */;
			productName = KeypathAutolayout;
		};
		C4793820260FB28900BE5187 /* Auk */ = {
			isa = XCSwiftPackageProductDependency;
			package = C479381F260FB28900BE5187 /* XCRemoteSwiftPackageReference "Auk" */;
			productName = Auk;
		};
/* End XCSwiftPackageProductDependency section */
	};
	rootObject = C47A540D260E63D10093335D /* Project object */;
}
